
Microsoft Visual Studio Solution File, Format Version 12.00
# Visual Studio Version 16
VisualStudioVersion = 16.0.28803.452
MinimumVisualStudioVersion = 10.0.40219.1
Project("{FAE04EC0-301F-11D3-BF4B-00C04F79EFBC}") = "Palindrome", "Palindrome\Palindrome.csproj", "{8E036D08-17D9-4288-A66E-1402CBD5F34D}"
EndProject
Global
	GlobalSection(SolutionConfigurationPlatforms) = preSolution
		Debug|Any CPU = Debug|Any CPU
		Release|Any CPU = Release|Any CPU
	EndGlobalSection
	GlobalSection(ProjectConfigurationPlatforms) = postSolution
		{8E036D08-17D9-4288-A66E-1402CBD5F34D}.Debug|Any CPU.ActiveCfg = Debug|Any CPU
		{8E036D08-17D9-4288-A66E-1402CBD5F34D}.Debug|Any CPU.Build.0 = Debug|Any CPU
		{8E036D08-17D9-4288-A66E-1402CBD5F34D}.Release|Any CPU.ActiveCfg = Release|Any CPU
		{8E036D08-17D9-4288-A66E-1402CBD5F34D}.Release|Any CPU.Build.0 = Release|Any CPU
	EndGlobalSection
	GlobalSection(SolutionProperties) = preSolution
		HideSolutionNode = FALSE
	EndGlobalSection
	GlobalSection(ExtensibilityGlobals) = postSolution
		SolutionGuid = {6C469B66-2B3C-496C-A607-AAE0E0342E8D}
	EndGlobalSection
EndGlobal
