
Microsoft Visual Studio Solution File, Format Version 12.00
# Visual Studio Version 16
VisualStudioVersion = 16.0.28803.452
MinimumVisualStudioVersion = 10.0.40219.1
Project("{FAE04EC0-301F-11D3-BF4B-00C04F79EFBC}") = "object_practice", "object_practice\object_practice.csproj", "{DFBF80F0-B384-4B13-AA00-D53B12F3EEEA}"
EndProject
Global
	GlobalSection(SolutionConfigurationPlatforms) = preSolution
		Debug|Any CPU = Debug|Any CPU
		Release|Any CPU = Release|Any CPU
	EndGlobalSection
	GlobalSection(ProjectConfigurationPlatforms) = postSolution
		{DFBF80F0-B384-4B13-AA00-D53B12F3EEEA}.Debug|Any CPU.ActiveCfg = Debug|Any CPU
		{DFBF80F0-B384-4B13-AA00-D53B12F3EEEA}.Debug|Any CPU.Build.0 = Debug|Any CPU
		{DFBF80F0-B384-4B13-AA00-D53B12F3EEEA}.Release|Any CPU.ActiveCfg = Release|Any CPU
		{DFBF80F0-B384-4B13-AA00-D53B12F3EEEA}.Release|Any CPU.Build.0 = Release|Any CPU
	EndGlobalSection
	GlobalSection(SolutionProperties) = preSolution
		HideSolutionNode = FALSE
	EndGlobalSection
	GlobalSection(ExtensibilityGlobals) = postSolution
		SolutionGuid = {2779E588-93F5-432C-ACAF-DE8B5E2B05A1}
	EndGlobalSection
EndGlobal
